
Microsoft Visual Studio Solution File, Format Version 12.00
# Visual Studio 14
VisualStudioVersion = 14.0.23107.0
MinimumVisualStudioVersion = 10.0.40219.1
Project("{FAE04EC0-301F-11D3-BF4B-00C04F79EFBC}") = "01. Point3D", "01. Point3D\01. Point3D.csproj", "{620178BB-8E95-4388-8306-14A9AEB12E39}"
EndProject
Project("{FAE04EC0-301F-11D3-BF4B-00C04F79EFBC}") = "02.CalculaateDistance", "02.CalculaateDistance\02.CalculaateDistance.csproj", "{E95A5BC2-DB9D-4273-82DE-C9071E5602FE}"
EndProject
Project("{FAE04EC0-301F-11D3-BF4B-00C04F79EFBC}") = "03. Paths", "03. Paths\03. Paths.csproj", "{21D358EE-A110-4913-A415-A19F9CD0D431}"
EndProject
Project("{FAE04EC0-301F-11D3-BF4B-00C04F79EFBC}") = "Geometry", "Geometry\Geometry.csproj", "{BEA371EC-DF18-41BC-8269-01CD80DA0B14}"
EndProject
Global
	GlobalSection(SolutionConfigurationPlatforms) = preSolution
		Debug|Any CPU = Debug|Any CPU
		Release|Any CPU = Release|Any CPU
	EndGlobalSection
	GlobalSection(ProjectConfigurationPlatforms) = postSolution
		{620178BB-8E95-4388-8306-14A9AEB12E39}.Debug|Any CPU.ActiveCfg = Debug|Any CPU
		{620178BB-8E95-4388-8306-14A9AEB12E39}.Debug|Any CPU.Build.0 = Debug|Any CPU
		{620178BB-8E95-4388-8306-14A9AEB12E39}.Release|Any CPU.ActiveCfg = Release|Any CPU
		{620178BB-8E95-4388-8306-14A9AEB12E39}.Release|Any CPU.Build.0 = Release|Any CPU
		{E95A5BC2-DB9D-4273-82DE-C9071E5602FE}.Debug|Any CPU.ActiveCfg = Debug|Any CPU
		{E95A5BC2-DB9D-4273-82DE-C9071E5602FE}.Debug|Any CPU.Build.0 = Debug|Any CPU
		{E95A5BC2-DB9D-4273-82DE-C9071E5602FE}.Release|Any CPU.ActiveCfg = Release|Any CPU
		{E95A5BC2-DB9D-4273-82DE-C9071E5602FE}.Release|Any CPU.Build.0 = Release|Any CPU
		{21D358EE-A110-4913-A415-A19F9CD0D431}.Debug|Any CPU.ActiveCfg = Debug|Any CPU
		{21D358EE-A110-4913-A415-A19F9CD0D431}.Debug|Any CPU.Build.0 = Debug|Any CPU
		{21D358EE-A110-4913-A415-A19F9CD0D431}.Release|Any CPU.ActiveCfg = Release|Any CPU
		{21D358EE-A110-4913-A415-A19F9CD0D431}.Release|Any CPU.Build.0 = Release|Any CPU
		{BEA371EC-DF18-41BC-8269-01CD80DA0B14}.Debug|Any CPU.ActiveCfg = Debug|Any CPU
		{BEA371EC-DF18-41BC-8269-01CD80DA0B14}.Debug|Any CPU.Build.0 = Debug|Any CPU
		{BEA371EC-DF18-41BC-8269-01CD80DA0B14}.Release|Any CPU.ActiveCfg = Release|Any CPU
		{BEA371EC-DF18-41BC-8269-01CD80DA0B14}.Release|Any CPU.Build.0 = Release|Any CPU
	EndGlobalSection
	GlobalSection(SolutionProperties) = preSolution
		HideSolutionNode = FALSE
	EndGlobalSection
EndGlobal
